
Microsoft Visual Studio Solution File, Format Version 12.00
# Visual Studio Version 16
VisualStudioVersion = 16.0.31410.357
MinimumVisualStudioVersion = 10.0.40219.1
Project("{FAE04EC0-301F-11D3-BF4B-00C04F79EFBC}") = "Aspose.Font.Examples", "Aspose.Font.Examples\Aspose.Font.Examples.csproj", "{256C387D-DBEB-4B00-8B62-3E98A1CC15D0}"
EndProject
Global
	GlobalSection(SolutionConfigurationPlatforms) = preSolution
		Debug|Any CPU = Debug|Any CPU
		Release|Any CPU = Release|Any CPU
	EndGlobalSection
	GlobalSection(ProjectConfigurationPlatforms) = postSolution
		{256C387D-DBEB-4B00-8B62-3E98A1CC15D0}.Debug|Any CPU.ActiveCfg = Debug|Any CPU
		{256C387D-DBEB-4B00-8B62-3E98A1CC15D0}.Debug|Any CPU.Build.0 = Debug|Any CPU
		{256C387D-DBEB-4B00-8B62-3E98A1CC15D0}.Release|Any CPU.ActiveCfg = Release|Any CPU
		{256C387D-DBEB-4B00-8B62-3E98A1CC15D0}.Release|Any CPU.Build.0 = Release|Any CPU
	EndGlobalSection
	GlobalSection(SolutionProperties) = preSolution
		HideSolutionNode = FALSE
	EndGlobalSection
	GlobalSection(ExtensibilityGlobals) = postSolution
		SolutionGuid = {22321B0F-C3DF-4343-B953-03C48A4501E0}
	EndGlobalSection
EndGlobal
